// !$*UTF8*$!
{
	archiveVersion = 1;
	classes = {
	};
	objectVersion = 50;
	objects = {

/* Begin PBXBuildFile section */
		473E23A322844A010045CECB /* AppDelegate.swift in Sources */ = {isa = PBXBuildFile; fileRef = 473E23A222844A010045CECB /* AppDelegate.swift */; };
		473E23A522844A010045CECB /* ViewController.swift in Sources */ = {isa = PBXBuildFile; fileRef = 473E23A422844A010045CECB /* ViewController.swift */; };
		473E23A822844A010045CECB /* Main.storyboard in Resources */ = {isa = PBXBuildFile; fileRef = 473E23A622844A010045CECB /* Main.storyboard */; };
		473E23AB22844A010045CECB /* Quiz__Samuel_Jackson.xcdatamodeld in Sources */ = {isa = PBXBuildFile; fileRef = 473E23A922844A010045CECB /* Quiz__Samuel_Jackson.xcdatamodeld */; };
		473E23AD22844A050045CECB /* Assets.xcassets in Resources */ = {isa = PBXBuildFile; fileRef = 473E23AC22844A050045CECB /* Assets.xcassets */; };
		473E23B022844A050045CECB /* LaunchScreen.storyboard in Resources */ = {isa = PBXBuildFile; fileRef = 473E23AE22844A050045CECB /* LaunchScreen.storyboard */; };
/* End PBXBuildFile section */

/* Begin PBXFileReference section */
		473E239F22844A010045CECB /* Quiz: Samuel Jackson.app */ = {isa = PBXFileReference; explicitFileType = wrapper.application; includeInIndex = 0; path = "Quiz: Samuel Jackson.app"; sourceTree = BUILT_PRODUCTS_DIR; };
		473E23A222844A010045CECB /* AppDelegate.swift */ = {isa = PBXFileReference; lastKnownFileType = sourcecode.swift; path = AppDelegate.swift; sourceTree = "<group>"; };
		473E23A422844A010045CECB /* ViewController.swift */ = {isa = PBXFileReference; lastKnownFileType = sourcecode.swift; path = ViewController.swift; sourceTree = "<group>"; };
		473E23A722844A010045CECB /* Base */ = {isa = PBXFileReference; lastKnownFileType = file.storyboard; name = Base; path = Base.lproj/Main.storyboard; sourceTree = "<group>"; };
		473E23AA22844A010045CECB /* Quiz__Samuel_Jackson.xcdatamodel */ = {isa = PBXFileReference; lastKnownFileType = wrapper.xcdatamodel; path = Quiz__Samuel_Jackson.xcdatamodel; sourceTree = "<group>"; };
		473E23AC22844A050045CECB /* Assets.xcassets */ = {isa = PBXFileReference; lastKnownFileType = folder.assetcatalog; path = Assets.xcassets; sourceTree = "<group>"; };
		473E23AF22844A050045CECB /* Base */ = {isa = PBXFileReference; lastKnownFileType = file.storyboard; name = Base; path = Base.lproj/LaunchScreen.storyboard; sourceTree = "<group>"; };
		473E23B122844A050045CECB /* Info.plist */ = {isa = PBXFileReference; lastKnownFileType = text.plist.xml; path = Info.plist; sourceTree = "<group>"; };
/* End PBXFileReference section */

/* Begin PBXFrameworksBuildPhase section */
		473E239C22844A010045CECB /* Frameworks */ = {
			isa = PBXFrameworksBuildPhase;
			buildActionMask = 2147483647;
			files = (
			);
			runOnlyForDeploymentPostprocessing = 0;
		};
/* End PBXFrameworksBuildPhase section */

/* Begin PBXGroup section */
		473E239622844A010045CECB = {
			isa = PBXGroup;
			children = (
				473E23A122844A010045CECB /* Quiz: Samuel Jackson */,
				473E23A022844A010045CECB /* Products */,
			);
			sourceTree = "<group>";
		};
		473E23A022844A010045CECB /* Products */ = {
			isa = PBXGroup;
			children = (
				473E239F22844A010045CECB /* Quiz: Samuel Jackson.app */,
			);
			name = Products;
			sourceTree = "<group>";
		};
		473E23A122844A010045CECB /* Quiz: Samuel Jackson */ = {
			isa = PBXGroup;
			children = (
				473E23A222844A010045CECB /* AppDelegate.swift */,
				473E23A422844A010045CECB /* ViewController.swift */,
				473E23A622844A010045CECB /* Main.storyboard */,
				473E23AC22844A050045CECB /* Assets.xcassets */,
				473E23AE22844A050045CECB /* LaunchScreen.storyboard */,
				473E23B122844A050045CECB /* Info.plist */,
				473E23A922844A010045CECB /* Quiz__Samuel_Jackson.xcdatamodeld */,
			);
			path = "Quiz: Samuel Jackson";
			sourceTree = "<group>";
		};
/* End PBXGroup section */

/* Begin PBXNativeTarget section */
		473E239E22844A010045CECB /* Quiz: Samuel Jackson */ = {
			isa = PBXNativeTarget;
			buildConfigurationList = 473E23B422844A050045CECB /* Build configuration list for PBXNativeTarget "Quiz: Samuel Jackson" */;
			buildPhases = (
				473E239B22844A010045CECB /* Sources */,
				473E239C22844A010045CECB /* Frameworks */,
				473E239D22844A010045CECB /* Resources */,
			);
			buildRules = (
			);
			dependencies = (
			);
			name = "Quiz: Samuel Jackson";
			productName = "Quiz: Samuel Jackson";
			productReference = 473E239F22844A010045CECB /* Quiz: Samuel Jackson.app */;
			productType = "com.apple.product-type.application";
		};
/* End PBXNativeTarget section */

/* Begin PBXProject section */
		473E239722844A010045CECB /* Project object */ = {
			isa = PBXProject;
			attributes = {
				LastSwiftUpdateCheck = 1020;
				LastUpgradeCheck = 1020;
				ORGANIZATIONNAME = "Enzo Maruffa Moreira";
				TargetAttributes = {
					473E239E22844A010045CECB = {
						CreatedOnToolsVersion = 10.2.1;
					};
				};
			};
			buildConfigurationList = 473E239A22844A010045CECB /* Build configuration list for PBXProject "Quiz: Samuel Jackson" */;
			compatibilityVersion = "Xcode 9.3";
			developmentRegion = en;
			hasScannedForEncodings = 0;
			knownRegions = (
				en,
				Base,
			);
			mainGroup = 473E239622844A010045CECB;
			productRefGroup = 473E23A022844A010045CECB /* Products */;
			projectDirPath = "";
			projectRoot = "";
			targets = (
				473E239E22844A010045CECB /* Quiz: Samuel Jackson */,
			);
		};
/* End PBXProject section */

/* Begin PBXResourcesBuildPhase section */
		473E239D22844A010045CECB /* Resources */ = {
			isa = PBXResourcesBuildPhase;
			buildActionMask = 2147483647;
			files = (
				473E23B022844A050045CECB /* LaunchScreen.storyboard in Resources */,
				473E23AD22844A050045CECB /* Assets.xcassets in Resources */,
				473E23A822844A010045CECB /* Main.storyboard in Resources */,
			);
			runOnlyForDeploymentPostprocessing = 0;
		};
/* End PBXResourcesBuildPhase section */

/* Begin PBXSourcesBuildPhase section */
		473E239B22844A010045CECB /* Sources */ = {
			isa = PBXSourcesBuildPhase;
			buildActionMask = 2147483647;
			files = (
				473E23A522844A010045CECB /* ViewController.swift in Sources */,
				473E23A322844A010045CECB /* AppDelegate.swift in Sources */,
				473E23AB22844A010045CECB /* Quiz__Samuel_Jackson.xcdatamodeld in Sources */,
			);
			runOnlyForDeploymentPostprocessing = 0;
		};
/* End PBXSourcesBuildPhase section */

/* Begin PBXVariantGroup section */
		473E23A622844A010045CECB /* Main.storyboard */ = {
			isa = PBXVariantGroup;
			children = (
				473E23A722844A010045CECB /* Base */,
			);
			name = Main.storyboard;
			sourceTree = "<group>";
		};
		473E23AE22844A050045CECB /* LaunchScreen.storyboard */ = {
			isa = PBXVariantGroup;
			children = (
				473E23AF22844A050045CECB /* Base */,
			);
			name = LaunchScreen.storyboard;
			sourceTree = "<group>";
		};
/* End PBXVariantGroup section */

/* Begin XCBuildConfiguration section */
		473E23B222844A050045CECB /* Debug */ = {
			isa = XCBuildConfiguration;
			buildSettings = {
				ALWAYS_SEARCH_USER_PATHS = NO;
				CLANG_ANALYZER_NONNULL = YES;
				CLANG_ANALYZER_NUMBER_OBJECT_CONVERSION = YES_AGGRESSIVE;
				CLANG_CXX_LANGUAGE_STANDARD = "gnu++14";
				CLANG_CXX_LIBRARY = "libc++";
				CLANG_ENABLE_MODULES = YES;
				CLANG_ENABLE_OBJC_ARC = YES;
				CLANG_ENABLE_OBJC_WEAK = YES;
				CLANG_WARN_BLOCK_CAPTURE_AUTORELEASING = YES;
				CLANG_WARN_BOOL_CONVERSION = YES;
				CLANG_WARN_COMMA = YES;
				CLANG_WARN_CONSTANT_CONVERSION = YES;
				CLANG_WARN_DEPRECATED_OBJC_IMPLEMENTATIONS = YES;
				CLANG_WARN_DIRECT_OBJC_ISA_USAGE = YES_ERROR;
				CLANG_WARN_DOCUMENTATION_COMMENTS = YES;
				CLANG_WARN_EMPTY_BODY = YES;
				CLANG_WARN_ENUM_CONVERSION = YES;
				CLANG_WARN_INFINITE_RECURSION = YES;
				CLANG_WARN_INT_CONVERSION = YES;
				CLANG_WARN_NON_LITERAL_NULL_CONVERSION = YES;
				CLANG_WARN_OBJC_IMPLICIT_RETAIN_SELF = YES;
				CLANG_WARN_OBJC_LITERAL_CONVERSION = YES;
				CLANG_WARN_OBJC_ROOT_CLASS = YES_ERROR;
				CLANG_WARN_RANGE_LOOP_ANALYSIS = YES;
				CLANG_WARN_STRICT_PROTOTYPES = YES;
				CLANG_WARN_SUSPICIOUS_MOVE = YES;
				CLANG_WARN_UNGUARDED_AVAILABILITY = YES_AGGRESSIVE;
				CLANG_WARN_UNREACHABLE_CODE = YES;
				CLANG_WARN__DUPLICATE_METHOD_MATCH = YES;
				CODE_SIGN_IDENTITY = "iPhone Developer";
				COPY_PHASE_STRIP = NO;
				DEBUG_INFORMATION_FORMAT = dwarf;
				ENABLE_STRICT_OBJC_MSGSEND = YES;
				ENABLE_TESTABILITY = YES;
				GCC_C_LANGUAGE_STANDARD = gnu11;
				GCC_DYNAMIC_NO_PIC = NO;
				GCC_NO_COMMON_BLOCKS = YES;
				GCC_OPTIMIZATION_LEVEL = 0;
				GCC_PREPROCESSOR_DEFINITIONS = (
					"DEBUG=1",
					"$(inherited)",
				);
				GCC_WARN_64_TO_32_BIT_CONVERSION = YES;
				GCC_WARN_ABOUT_RETURN_TYPE = YES_ERROR;
				GCC_WARN_UNDECLARED_SELECTOR = YES;
				GCC_WARN_UNINITIALIZED_AUTOS = YES_AGGRESSIVE;
				GCC_WARN_UNUSED_FUNCTION = YES;
				GCC_WARN_UNUSED_VARIABLE = YES;
				IPHONEOS_DEPLOYMENT_TARGET = 12.2;
				MTL_ENABLE_DEBUG_INFO = INCLUDE_SOURCE;
				MTL_FAST_MATH = YES;
				ONLY_ACTIVE_ARCH = YES;
				SDKROOT = iphoneos;
				SWIFT_ACTIVE_COMPILATION_CONDITIONS = DEBUG;
				SWIFT_OPTIMIZATION_LEVEL = "-Onone";
			};
			name = Debug;
		};
		473E23B322844A050045CECB /* Release */ = {
			isa = XCBuildConfiguration;
			buildSettings = {
				ALWAYS_SEARCH_USER_PATHS = NO;
				CLANG_ANALYZER_NONNULL = YES;
				CLANG_ANALYZER_NUMBER_OBJECT_CONVERSION = YES_AGGRESSIVE;
				CLANG_CXX_LANGUAGE_STANDARD = "gnu++14";
				CLANG_CXX_LIBRARY = "libc++";
				CLANG_ENABLE_MODULES = YES;
				CLANG_ENABLE_OBJC_ARC = YES;
				CLANG_ENABLE_OBJC_WEAK = YES;
				CLANG_WARN_BLOCK_CAPTURE_AUTORELEASING = YES;
				CLANG_WARN_BOOL_CONVERSION = YES;
				CLANG_WARN_COMMA = YES;
				CLANG_WARN_CONSTANT_CONVERSION = YES;
				CLANG_WARN_DEPRECATED_OBJC_IMPLEMENTATIONS = YES;
				CLANG_WARN_DIRECT_OBJC_ISA_USAGE = YES_ERROR;
				CLANG_WARN_DOCUMENTATION_COMMENTS = YES;
				CLANG_WARN_EMPTY_BODY = YES;
				CLANG_WARN_ENUM_CONVERSION = YES;
				CLANG_WARN_INFINITE_RECURSION = YES;
				CLANG_WARN_INT_CONVERSION = YES;
				CLANG_WARN_NON_LITERAL_NULL_CONVERSION = YES;
				CLANG_WARN_OBJC_IMPLICIT_RETAIN_SELF = YES;
				CLANG_WARN_OBJC_LITERAL_CONVERSION = YES;
				CLANG_WARN_OBJC_ROOT_CLASS = YES_ERROR;
				CLANG_WARN_RANGE_LOOP_ANALYSIS = YES;
				CLANG_WARN_STRICT_PROTOTYPES = YES;
				CLANG_WARN_SUSPICIOUS_MOVE = YES;
				CLANG_WARN_UNGUARDED_AVAILABILITY = YES_AGGRESSIVE;
				CLANG_WARN_UNREACHABLE_CODE = YES;
				CLANG_WARN__DUPLICATE_METHOD_MATCH = YES;
				CODE_SIGN_IDENTITY = "iPhone Developer";
				COPY_PHASE_STRIP = NO;
				DEBUG_INFORMATION_FORMAT = "dwarf-with-dsym";
				ENABLE_NS_ASSERTIONS = NO;
				ENABLE_STRICT_OBJC_MSGSEND = YES;
				GCC_C_LANGUAGE_STANDARD = gnu11;
				GCC_NO_COMMON_BLOCKS = YES;
				GCC_WARN_64_TO_32_BIT_CONVERSION = YES;
				GCC_WARN_ABOUT_RETURN_TYPE = YES_ERROR;
				GCC_WARN_UNDECLARED_SELECTOR = YES;
				GCC_WARN_UNINITIALIZED_AUTOS = YES_AGGRESSIVE;
				GCC_WARN_UNUSED_FUNCTION = YES;
				GCC_WARN_UNUSED_VARIABLE = YES;
				IPHONEOS_DEPLOYMENT_TARGET = 12.2;
				MTL_ENABLE_DEBUG_INFO = NO;
				MTL_FAST_MATH = YES;
				SDKROOT = iphoneos;
				SWIFT_COMPILATION_MODE = wholemodule;
				SWIFT_OPTIMIZATION_LEVEL = "-O";
				VALIDATE_PRODUCT = YES;
			};
			name = Release;
		};
		473E23B522844A050045CECB /* Debug */ = {
			isa = XCBuildConfiguration;
			buildSettings = {
				ASSETCATALOG_COMPILER_APPICON_NAME = AppIcon;
				CODE_SIGN_STYLE = Automatic;
				DEVELOPMENT_TEAM = D9FBK2WPJX;
				INFOPLIST_FILE = "Quiz: Samuel Jackson/Info.plist";
				LD_RUNPATH_SEARCH_PATHS = (
					"$(inherited)",
					"@executable_path/Frameworks",
				);
				PRODUCT_BUNDLE_IDENTIFIER = "com.crashcourse19.Quiz--Samuel-Jackson";
				PRODUCT_NAME = "$(TARGET_NAME)";
				SWIFT_VERSION = 5.0;
				TARGETED_DEVICE_FAMILY = "1,2";
			};
			name = Debug;
		};
		473E23B622844A050045CECB /* Release */ = {
			isa = XCBuildConfiguration;
			buildSettings = {
				ASSETCATALOG_COMPILER_APPICON_NAME = AppIcon;
				CODE_SIGN_STYLE = Automatic;
				DEVELOPMENT_TEAM = D9FBK2WPJX;
				INFOPLIST_FILE = "Quiz: Samuel Jackson/Info.plist";
				LD_RUNPATH_SEARCH_PATHS = (
					"$(inherited)",
					"@executable_path/Frameworks",
				);
				PRODUCT_BUNDLE_IDENTIFIER = "com.crashcourse19.Quiz--Samuel-Jackson";
				PRODUCT_NAME = "$(TARGET_NAME)";
				SWIFT_VERSION = 5.0;
				TARGETED_DEVICE_FAMILY = "1,2";
			};
			name = Release;
		};
/* End XCBuildConfiguration section */

/* Begin XCConfigurationList section */
		473E239A22844A010045CECB /* Build configuration list for PBXProject "Quiz: Samuel Jackson" */ = {
			isa = XCConfigurationList;
			buildConfigurations = (
				473E23B222844A050045CECB /* Debug */,
				473E23B322844A050045CECB /* Release */,
			);
			defaultConfigurationIsVisible = 0;
			defaultConfigurationName = Release;
		};
		473E23B422844A050045CECB /* Build configuration list for PBXNativeTarget "Quiz: Samuel Jackson" */ = {
			isa = XCConfigurationList;
			buildConfigurations = (
				473E23B522844A050045CECB /* Debug */,
				473E23B622844A050045CECB /* Release */,
			);
			defaultConfigurationIsVisible = 0;
			defaultConfigurationName = Release;
		};
/* End XCConfigurationList section */

/* Begin XCVersionGroup section */
		473E23A922844A010045CECB /* Quiz__Samuel_Jackson.xcdatamodeld */ = {
			isa = XCVersionGroup;
			children = (
				473E23AA22844A010045CECB /* Quiz__Samuel_Jackson.xcdatamodel */,
			);
			currentVersion = 473E23AA22844A010045CECB /* Quiz__Samuel_Jackson.xcdatamodel */;
			path = Quiz__Samuel_Jackson.xcdatamodeld;
			sourceTree = "<group>";
			versionGroupType = wrapper.xcdatamodel;
		};
/* End XCVersionGroup section */
	};
	rootObject = 473E239722844A010045CECB /* Project object */;
}
